
Microsoft Visual Studio Solution File, Format Version 12.00
# Visual Studio 15
VisualStudioVersion = 15.0.28010.2050
MinimumVisualStudioVersion = 10.0.40219.1
Project("{9A19103F-16F7-4668-BE54-9A1E7A4F7556}") = "AbstractFactory", "AbstractFactory\AbstractFactory.csproj", "{14F29358-1D1A-4A07-8CBB-58F8AE72DBA4}"
EndProject
Project("{9A19103F-16F7-4668-BE54-9A1E7A4F7556}") = "Builder", "Builder\Builder.csproj", "{E6AEC3C2-D5D6-40C1-81E3-67931F67A7FE}"
EndProject
Project("{9A19103F-16F7-4668-BE54-9A1E7A4F7556}") = "Factory", "Factory\Factory.csproj", "{031A17AD-E629-4F7E-9E16-D5B4B74CBFC5}"
EndProject
Project("{9A19103F-16F7-4668-BE54-9A1E7A4F7556}") = "Prototype", "Prototype\Prototype.csproj", "{EBF34D76-BC50-4EE1-B8EC-C755D1B60117}"
EndProject
Project("{9A19103F-16F7-4668-BE54-9A1E7A4F7556}") = "Singleton", "Singleton\Singleton.csproj", "{07052EBB-FDE5-41F2-BFEA-06766E11B298}"
EndProject
Project("{9A19103F-16F7-4668-BE54-9A1E7A4F7556}") = "Adapter", "Adapter\Adapter.csproj", "{E9DF1EDE-C5B1-4248-A589-4B43EAC828D3}"
EndProject
Project("{9A19103F-16F7-4668-BE54-9A1E7A4F7556}") = "Bridge", "Bridge\Bridge.csproj", "{0E343EF2-F2CF-464B-8972-6B5722E8D8F2}"
EndProject
Project("{9A19103F-16F7-4668-BE54-9A1E7A4F7556}") = "Composite", "Composite\Composite.csproj", "{13A4ADDE-C625-418D-837E-6A122DF2D856}"
EndProject
Project("{9A19103F-16F7-4668-BE54-9A1E7A4F7556}") = "Decorator", "Decorator\Decorator.csproj", "{F27D41A4-C628-49B4-BCAE-75063A7BBE64}"
EndProject
Project("{9A19103F-16F7-4668-BE54-9A1E7A4F7556}") = "Facade", "Facade\Facade.csproj", "{13D8E608-80C6-493B-B61D-0F69D06FEBC4}"
EndProject
Project("{9A19103F-16F7-4668-BE54-9A1E7A4F7556}") = "Flyweight", "Flyweight\Flyweight.csproj", "{1A43A3F1-7CB7-47AB-801C-4B0E381EDFBE}"
EndProject
Project("{9A19103F-16F7-4668-BE54-9A1E7A4F7556}") = "Proxy", "Proxy\Proxy.csproj", "{3584F5A6-C784-46A8-9B0C-3FFF79FC35EE}"
EndProject
Project("{9A19103F-16F7-4668-BE54-9A1E7A4F7556}") = "ChainOfResponsibility", "ChainOfResponsibility\ChainOfResponsibility.csproj", "{87AFCB0A-7D99-43DE-B60E-CC744E9D6844}"
EndProject
Project("{9A19103F-16F7-4668-BE54-9A1E7A4F7556}") = "Command", "Command\Command.csproj", "{FA3C5CDE-AAD8-4E6A-B6EE-E0722708A89F}"
EndProject
Project("{9A19103F-16F7-4668-BE54-9A1E7A4F7556}") = "Interpreter", "Interpreter\Interpreter.csproj", "{9C8A90F5-44C8-496A-AD59-7D6F21614203}"
EndProject
Project("{9A19103F-16F7-4668-BE54-9A1E7A4F7556}") = "Iterator", "Iterator\Iterator.csproj", "{D34152F9-D194-47BF-95FE-DDA1810E9D39}"
EndProject
Project("{FAE04EC0-301F-11D3-BF4B-00C04F79EFBC}") = "Mediator", "Mediator\Mediator.csproj", "{D5FFA4A9-E20F-4ADF-8C28-12BD75521B76}"
EndProject
Project("{FAE04EC0-301F-11D3-BF4B-00C04F79EFBC}") = "Memento", "Memento\Memento.csproj", "{FBE122E4-6061-4978-8B28-B956D8DDA985}"
EndProject
Project("{FAE04EC0-301F-11D3-BF4B-00C04F79EFBC}") = "Observer", "Observer\Observer.csproj", "{A846CB0B-D6E4-4CF7-9B29-9557D929917A}"
EndProject
Global
	GlobalSection(SolutionConfigurationPlatforms) = preSolution
		Debug|Any CPU = Debug|Any CPU
		Release|Any CPU = Release|Any CPU
	EndGlobalSection
	GlobalSection(ProjectConfigurationPlatforms) = postSolution
		{14F29358-1D1A-4A07-8CBB-58F8AE72DBA4}.Debug|Any CPU.ActiveCfg = Debug|Any CPU
		{14F29358-1D1A-4A07-8CBB-58F8AE72DBA4}.Debug|Any CPU.Build.0 = Debug|Any CPU
		{14F29358-1D1A-4A07-8CBB-58F8AE72DBA4}.Release|Any CPU.ActiveCfg = Release|Any CPU
		{14F29358-1D1A-4A07-8CBB-58F8AE72DBA4}.Release|Any CPU.Build.0 = Release|Any CPU
		{E6AEC3C2-D5D6-40C1-81E3-67931F67A7FE}.Debug|Any CPU.ActiveCfg = Debug|Any CPU
		{E6AEC3C2-D5D6-40C1-81E3-67931F67A7FE}.Debug|Any CPU.Build.0 = Debug|Any CPU
		{E6AEC3C2-D5D6-40C1-81E3-67931F67A7FE}.Release|Any CPU.ActiveCfg = Release|Any CPU
		{E6AEC3C2-D5D6-40C1-81E3-67931F67A7FE}.Release|Any CPU.Build.0 = Release|Any CPU
		{031A17AD-E629-4F7E-9E16-D5B4B74CBFC5}.Debug|Any CPU.ActiveCfg = Debug|Any CPU
		{031A17AD-E629-4F7E-9E16-D5B4B74CBFC5}.Debug|Any CPU.Build.0 = Debug|Any CPU
		{031A17AD-E629-4F7E-9E16-D5B4B74CBFC5}.Release|Any CPU.ActiveCfg = Release|Any CPU
		{031A17AD-E629-4F7E-9E16-D5B4B74CBFC5}.Release|Any CPU.Build.0 = Release|Any CPU
		{EBF34D76-BC50-4EE1-B8EC-C755D1B60117}.Debug|Any CPU.ActiveCfg = Debug|Any CPU
		{EBF34D76-BC50-4EE1-B8EC-C755D1B60117}.Debug|Any CPU.Build.0 = Debug|Any CPU
		{EBF34D76-BC50-4EE1-B8EC-C755D1B60117}.Release|Any CPU.ActiveCfg = Release|Any CPU
		{EBF34D76-BC50-4EE1-B8EC-C755D1B60117}.Release|Any CPU.Build.0 = Release|Any CPU
		{07052EBB-FDE5-41F2-BFEA-06766E11B298}.Debug|Any CPU.ActiveCfg = Debug|Any CPU
		{07052EBB-FDE5-41F2-BFEA-06766E11B298}.Debug|Any CPU.Build.0 = Debug|Any CPU
		{07052EBB-FDE5-41F2-BFEA-06766E11B298}.Release|Any CPU.ActiveCfg = Release|Any CPU
		{07052EBB-FDE5-41F2-BFEA-06766E11B298}.Release|Any CPU.Build.0 = Release|Any CPU
		{E9DF1EDE-C5B1-4248-A589-4B43EAC828D3}.Debug|Any CPU.ActiveCfg = Debug|Any CPU
		{E9DF1EDE-C5B1-4248-A589-4B43EAC828D3}.Debug|Any CPU.Build.0 = Debug|Any CPU
		{E9DF1EDE-C5B1-4248-A589-4B43EAC828D3}.Release|Any CPU.ActiveCfg = Release|Any CPU
		{E9DF1EDE-C5B1-4248-A589-4B43EAC828D3}.Release|Any CPU.Build.0 = Release|Any CPU
		{0E343EF2-F2CF-464B-8972-6B5722E8D8F2}.Debug|Any CPU.ActiveCfg = Debug|Any CPU
		{0E343EF2-F2CF-464B-8972-6B5722E8D8F2}.Debug|Any CPU.Build.0 = Debug|Any CPU
		{0E343EF2-F2CF-464B-8972-6B5722E8D8F2}.Release|Any CPU.ActiveCfg = Release|Any CPU
		{0E343EF2-F2CF-464B-8972-6B5722E8D8F2}.Release|Any CPU.Build.0 = Release|Any CPU
		{13A4ADDE-C625-418D-837E-6A122DF2D856}.Debug|Any CPU.ActiveCfg = Debug|Any CPU
		{13A4ADDE-C625-418D-837E-6A122DF2D856}.Debug|Any CPU.Build.0 = Debug|Any CPU
		{13A4ADDE-C625-418D-837E-6A122DF2D856}.Release|Any CPU.ActiveCfg = Release|Any CPU
		{13A4ADDE-C625-418D-837E-6A122DF2D856}.Release|Any CPU.Build.0 = Release|Any CPU
		{F27D41A4-C628-49B4-BCAE-75063A7BBE64}.Debug|Any CPU.ActiveCfg = Debug|Any CPU
		{F27D41A4-C628-49B4-BCAE-75063A7BBE64}.Debug|Any CPU.Build.0 = Debug|Any CPU
		{F27D41A4-C628-49B4-BCAE-75063A7BBE64}.Release|Any CPU.ActiveCfg = Release|Any CPU
		{F27D41A4-C628-49B4-BCAE-75063A7BBE64}.Release|Any CPU.Build.0 = Release|Any CPU
		{13D8E608-80C6-493B-B61D-0F69D06FEBC4}.Debug|Any CPU.ActiveCfg = Debug|Any CPU
		{13D8E608-80C6-493B-B61D-0F69D06FEBC4}.Debug|Any CPU.Build.0 = Debug|Any CPU
		{13D8E608-80C6-493B-B61D-0F69D06FEBC4}.Release|Any CPU.ActiveCfg = Release|Any CPU
		{13D8E608-80C6-493B-B61D-0F69D06FEBC4}.Release|Any CPU.Build.0 = Release|Any CPU
		{1A43A3F1-7CB7-47AB-801C-4B0E381EDFBE}.Debug|Any CPU.ActiveCfg = Debug|Any CPU
		{1A43A3F1-7CB7-47AB-801C-4B0E381EDFBE}.Debug|Any CPU.Build.0 = Debug|Any CPU
		{1A43A3F1-7CB7-47AB-801C-4B0E381EDFBE}.Release|Any CPU.ActiveCfg = Release|Any CPU
		{1A43A3F1-7CB7-47AB-801C-4B0E381EDFBE}.Release|Any CPU.Build.0 = Release|Any CPU
		{3584F5A6-C784-46A8-9B0C-3FFF79FC35EE}.Debug|Any CPU.ActiveCfg = Debug|Any CPU
		{3584F5A6-C784-46A8-9B0C-3FFF79FC35EE}.Debug|Any CPU.Build.0 = Debug|Any CPU
		{3584F5A6-C784-46A8-9B0C-3FFF79FC35EE}.Release|Any CPU.ActiveCfg = Release|Any CPU
		{3584F5A6-C784-46A8-9B0C-3FFF79FC35EE}.Release|Any CPU.Build.0 = Release|Any CPU
		{87AFCB0A-7D99-43DE-B60E-CC744E9D6844}.Debug|Any CPU.ActiveCfg = Debug|Any CPU
		{87AFCB0A-7D99-43DE-B60E-CC744E9D6844}.Debug|Any CPU.Build.0 = Debug|Any CPU
		{87AFCB0A-7D99-43DE-B60E-CC744E9D6844}.Release|Any CPU.ActiveCfg = Release|Any CPU
		{87AFCB0A-7D99-43DE-B60E-CC744E9D6844}.Release|Any CPU.Build.0 = Release|Any CPU
		{FA3C5CDE-AAD8-4E6A-B6EE-E0722708A89F}.Debug|Any CPU.ActiveCfg = Debug|Any CPU
		{FA3C5CDE-AAD8-4E6A-B6EE-E0722708A89F}.Debug|Any CPU.Build.0 = Debug|Any CPU
		{FA3C5CDE-AAD8-4E6A-B6EE-E0722708A89F}.Release|Any CPU.ActiveCfg = Release|Any CPU
		{FA3C5CDE-AAD8-4E6A-B6EE-E0722708A89F}.Release|Any CPU.Build.0 = Release|Any CPU
		{9C8A90F5-44C8-496A-AD59-7D6F21614203}.Debug|Any CPU.ActiveCfg = Debug|Any CPU
		{9C8A90F5-44C8-496A-AD59-7D6F21614203}.Debug|Any CPU.Build.0 = Debug|Any CPU
		{9C8A90F5-44C8-496A-AD59-7D6F21614203}.Release|Any CPU.ActiveCfg = Release|Any CPU
		{9C8A90F5-44C8-496A-AD59-7D6F21614203}.Release|Any CPU.Build.0 = Release|Any CPU
		{D34152F9-D194-47BF-95FE-DDA1810E9D39}.Debug|Any CPU.ActiveCfg = Debug|Any CPU
		{D34152F9-D194-47BF-95FE-DDA1810E9D39}.Debug|Any CPU.Build.0 = Debug|Any CPU
		{D34152F9-D194-47BF-95FE-DDA1810E9D39}.Release|Any CPU.ActiveCfg = Release|Any CPU
		{D34152F9-D194-47BF-95FE-DDA1810E9D39}.Release|Any CPU.Build.0 = Release|Any CPU
		{D5FFA4A9-E20F-4ADF-8C28-12BD75521B76}.Debug|Any CPU.ActiveCfg = Debug|Any CPU
		{D5FFA4A9-E20F-4ADF-8C28-12BD75521B76}.Debug|Any CPU.Build.0 = Debug|Any CPU
		{D5FFA4A9-E20F-4ADF-8C28-12BD75521B76}.Release|Any CPU.ActiveCfg = Release|Any CPU
		{D5FFA4A9-E20F-4ADF-8C28-12BD75521B76}.Release|Any CPU.Build.0 = Release|Any CPU
		{FBE122E4-6061-4978-8B28-B956D8DDA985}.Debug|Any CPU.ActiveCfg = Debug|Any CPU
		{FBE122E4-6061-4978-8B28-B956D8DDA985}.Debug|Any CPU.Build.0 = Debug|Any CPU
		{FBE122E4-6061-4978-8B28-B956D8DDA985}.Release|Any CPU.ActiveCfg = Release|Any CPU
		{FBE122E4-6061-4978-8B28-B956D8DDA985}.Release|Any CPU.Build.0 = Release|Any CPU
		{A846CB0B-D6E4-4CF7-9B29-9557D929917A}.Debug|Any CPU.ActiveCfg = Debug|Any CPU
		{A846CB0B-D6E4-4CF7-9B29-9557D929917A}.Debug|Any CPU.Build.0 = Debug|Any CPU
		{A846CB0B-D6E4-4CF7-9B29-9557D929917A}.Release|Any CPU.ActiveCfg = Release|Any CPU
		{A846CB0B-D6E4-4CF7-9B29-9557D929917A}.Release|Any CPU.Build.0 = Release|Any CPU
	EndGlobalSection
	GlobalSection(SolutionProperties) = preSolution
		HideSolutionNode = FALSE
	EndGlobalSection
	GlobalSection(ExtensibilityGlobals) = postSolution
		SolutionGuid = {5F487878-FE03-40CC-8D86-C8B7C127E347}
	EndGlobalSection
EndGlobal
